
Microsoft Visual Studio Solution File, Format Version 12.00
# Visual Studio Version 17
VisualStudioVersion = 17.1.32210.238
MinimumVisualStudioVersion = 10.0.40219.1
Project("{9A19103F-16F7-4668-BE54-9A1E7A4F7556}") = "OnlineShopWebApp", "OnlineShopWebApp\OnlineShopWebApp.csproj", "{3C1D5CA0-26FD-4151-A0E8-FF5BD6294327}"
EndProject
Project("{FAE04EC0-301F-11D3-BF4B-00C04F79EFBC}") = "OnlineShop.Db", "OnlineShop.Db\OnlineShop.Db.csproj", "{D87ABBC5-9EBA-48F1-9A95-105719DF825B}"
EndProject
Global
	GlobalSection(SolutionConfigurationPlatforms) = preSolution
		Debug|Any CPU = Debug|Any CPU
		Release|Any CPU = Release|Any CPU
	EndGlobalSection
	GlobalSection(ProjectConfigurationPlatforms) = postSolution
		{3C1D5CA0-26FD-4151-A0E8-FF5BD6294327}.Debug|Any CPU.ActiveCfg = Debug|Any CPU
		{3C1D5CA0-26FD-4151-A0E8-FF5BD6294327}.Debug|Any CPU.Build.0 = Debug|Any CPU
		{3C1D5CA0-26FD-4151-A0E8-FF5BD6294327}.Release|Any CPU.ActiveCfg = Release|Any CPU
		{3C1D5CA0-26FD-4151-A0E8-FF5BD6294327}.Release|Any CPU.Build.0 = Release|Any CPU
		{D87ABBC5-9EBA-48F1-9A95-105719DF825B}.Debug|Any CPU.ActiveCfg = Debug|Any CPU
		{D87ABBC5-9EBA-48F1-9A95-105719DF825B}.Debug|Any CPU.Build.0 = Debug|Any CPU
		{D87ABBC5-9EBA-48F1-9A95-105719DF825B}.Release|Any CPU.ActiveCfg = Release|Any CPU
		{D87ABBC5-9EBA-48F1-9A95-105719DF825B}.Release|Any CPU.Build.0 = Release|Any CPU
	EndGlobalSection
	GlobalSection(SolutionProperties) = preSolution
		HideSolutionNode = FALSE
	EndGlobalSection
	GlobalSection(ExtensibilityGlobals) = postSolution
		SolutionGuid = {65BA221B-C29E-4556-83A6-54253D84800D}
	EndGlobalSection
EndGlobal
